
Microsoft Visual Studio Solution File, Format Version 12.00
# Visual Studio 2017
Project("{FAE04EC0-301F-11D3-BF4B-00C04F79EFBC}") = "Unity.TextMeshPro", "Unity.TextMeshPro.csproj", "{07A21C90-D344-AE1A-8456-9910C203B41A}"
EndProject
Project("{FAE04EC0-301F-11D3-BF4B-00C04F79EFBC}") = "Personal Stealth Stabbing Tactics, version with detection and ragdolls.Plugins", "Personal Stealth Stabbing Tactics, version with detection and ragdolls.Plugins.csproj", "{ED1942E1-EAE3-811C-010F-11ADD2FA9072}"
EndProject
Project("{FAE04EC0-301F-11D3-BF4B-00C04F79EFBC}") = "Personal Stealth Stabbing Tactics, version with detection and ragdolls", "Personal Stealth Stabbing Tactics, version with detection and ragdolls.csproj", "{C4F8CD66-381B-DCBD-3616-ECB6F654B271}"
EndProject
Project("{FAE04EC0-301F-11D3-BF4B-00C04F79EFBC}") = "MotionLibraryRuntime", "MotionLibraryRuntime.csproj", "{809E06C1-C344-3EFA-CD4D-21182CB83114}"
EndProject
Project("{FAE04EC0-301F-11D3-BF4B-00C04F79EFBC}") = "Personal Stealth Stabbing Tactics, version with detection and ragdolls.Editor.Plugins", "Personal Stealth Stabbing Tactics, version with detection and ragdolls.Editor.Plugins.csproj", "{F2D432A3-DB0D-F4B7-EF22-421859F7E823}"
EndProject
Project("{FAE04EC0-301F-11D3-BF4B-00C04F79EFBC}") = "Unity.PackageManagerUI.Editor", "Unity.PackageManagerUI.Editor.csproj", "{6877705C-FBD9-0C4F-5AFB-6FB431E5D39D}"
EndProject
Project("{FAE04EC0-301F-11D3-BF4B-00C04F79EFBC}") = "Unity.TextMeshPro.Editor", "Unity.TextMeshPro.Editor.csproj", "{3A848AB7-9891-EDDA-D555-BF184C2F81F4}"
EndProject
Project("{FAE04EC0-301F-11D3-BF4B-00C04F79EFBC}") = "UnityEditor.StandardEvents", "UnityEditor.StandardEvents.csproj", "{6800202F-4402-D405-F8CB-03DC7BD78B92}"
EndProject
Global
	GlobalSection(SolutionConfigurationPlatforms) = preSolution
		Debug|Any CPU = Debug|Any CPU
		Release|Any CPU = Release|Any CPU
	EndGlobalSection
	GlobalSection(ProjectConfigurationPlatforms) = postSolution
		{07A21C90-D344-AE1A-8456-9910C203B41A}.Debug|Any CPU.ActiveCfg = Debug|Any CPU
		{07A21C90-D344-AE1A-8456-9910C203B41A}.Debug|Any CPU.Build.0 = Debug|Any CPU
		{07A21C90-D344-AE1A-8456-9910C203B41A}.Release|Any CPU.ActiveCfg = Release|Any CPU
		{07A21C90-D344-AE1A-8456-9910C203B41A}.Release|Any CPU.Build.0 = Release|Any CPU
		{ED1942E1-EAE3-811C-010F-11ADD2FA9072}.Debug|Any CPU.ActiveCfg = Debug|Any CPU
		{ED1942E1-EAE3-811C-010F-11ADD2FA9072}.Debug|Any CPU.Build.0 = Debug|Any CPU
		{ED1942E1-EAE3-811C-010F-11ADD2FA9072}.Release|Any CPU.ActiveCfg = Release|Any CPU
		{ED1942E1-EAE3-811C-010F-11ADD2FA9072}.Release|Any CPU.Build.0 = Release|Any CPU
		{C4F8CD66-381B-DCBD-3616-ECB6F654B271}.Debug|Any CPU.ActiveCfg = Debug|Any CPU
		{C4F8CD66-381B-DCBD-3616-ECB6F654B271}.Debug|Any CPU.Build.0 = Debug|Any CPU
		{C4F8CD66-381B-DCBD-3616-ECB6F654B271}.Release|Any CPU.ActiveCfg = Release|Any CPU
		{C4F8CD66-381B-DCBD-3616-ECB6F654B271}.Release|Any CPU.Build.0 = Release|Any CPU
		{809E06C1-C344-3EFA-CD4D-21182CB83114}.Debug|Any CPU.ActiveCfg = Debug|Any CPU
		{809E06C1-C344-3EFA-CD4D-21182CB83114}.Debug|Any CPU.Build.0 = Debug|Any CPU
		{809E06C1-C344-3EFA-CD4D-21182CB83114}.Release|Any CPU.ActiveCfg = Release|Any CPU
		{809E06C1-C344-3EFA-CD4D-21182CB83114}.Release|Any CPU.Build.0 = Release|Any CPU
		{F2D432A3-DB0D-F4B7-EF22-421859F7E823}.Debug|Any CPU.ActiveCfg = Debug|Any CPU
		{F2D432A3-DB0D-F4B7-EF22-421859F7E823}.Debug|Any CPU.Build.0 = Debug|Any CPU
		{F2D432A3-DB0D-F4B7-EF22-421859F7E823}.Release|Any CPU.ActiveCfg = Release|Any CPU
		{F2D432A3-DB0D-F4B7-EF22-421859F7E823}.Release|Any CPU.Build.0 = Release|Any CPU
		{6877705C-FBD9-0C4F-5AFB-6FB431E5D39D}.Debug|Any CPU.ActiveCfg = Debug|Any CPU
		{6877705C-FBD9-0C4F-5AFB-6FB431E5D39D}.Debug|Any CPU.Build.0 = Debug|Any CPU
		{6877705C-FBD9-0C4F-5AFB-6FB431E5D39D}.Release|Any CPU.ActiveCfg = Release|Any CPU
		{6877705C-FBD9-0C4F-5AFB-6FB431E5D39D}.Release|Any CPU.Build.0 = Release|Any CPU
		{3A848AB7-9891-EDDA-D555-BF184C2F81F4}.Debug|Any CPU.ActiveCfg = Debug|Any CPU
		{3A848AB7-9891-EDDA-D555-BF184C2F81F4}.Debug|Any CPU.Build.0 = Debug|Any CPU
		{3A848AB7-9891-EDDA-D555-BF184C2F81F4}.Release|Any CPU.ActiveCfg = Release|Any CPU
		{3A848AB7-9891-EDDA-D555-BF184C2F81F4}.Release|Any CPU.Build.0 = Release|Any CPU
		{6800202F-4402-D405-F8CB-03DC7BD78B92}.Debug|Any CPU.ActiveCfg = Debug|Any CPU
		{6800202F-4402-D405-F8CB-03DC7BD78B92}.Debug|Any CPU.Build.0 = Debug|Any CPU
		{6800202F-4402-D405-F8CB-03DC7BD78B92}.Release|Any CPU.ActiveCfg = Release|Any CPU
		{6800202F-4402-D405-F8CB-03DC7BD78B92}.Release|Any CPU.Build.0 = Release|Any CPU
	EndGlobalSection
	GlobalSection(SolutionProperties) = preSolution
		HideSolutionNode = FALSE
	EndGlobalSection
EndGlobal
